{
  "name": "webrtc-phone",
  "version": "0.0.1",
  "lockfileVersion": 1,
  "requires": true,
  "dependencies": {
    "@fortawesome/fontawesome-free": {
      "version": "5.10.0",
      "resolved": "https://registry.npmjs.org/@fortawesome/fontawesome-free/-/fontawesome-free-5.10.0.tgz",
      "integrity": "sha512-XX16koDMY/tkJmec0VFfKF7RYZOze/203B1iyLnRaAySm3ZPhKaeyIpf73Yh8xhrMk3Fj4TeH3FC01qyFTyg8g=="
    },
    "bootstrap": {
      "version": "4.3.1",
      "resolved": "https://registry.npmjs.org/bootstrap/-/bootstrap-4.3.1.tgz",
      "integrity": "sha512-rXqOmH1VilAt2DyPzluTi2blhk17bO7ef+zLLPlWvG494pDxcM234pJ8wTc/6R40UWizAIIMgxjvxZg5kmsbag=="
    },
    "crypto-js": {
      "version": "3.1.9-1",
      "resolved": "https://registry.npmjs.org/crypto-js/-/crypto-js-3.1.9-1.tgz",
      "integrity": "sha1-/aGedh/Ad+Af+/3G6f38WeiAbNg="
    },
    "events": {
      "version": "3.0.0",
      "resolved": "https://registry.npmjs.org/events/-/events-3.0.0.tgz",
      "integrity": "sha512-Dc381HFWJzEOhQ+d8pkNon++bk9h6cdAoAj4iE6Q4y6xgTzySWXlKn05/TVNpjnfRqi/X0EpJEJohPjNI3zpVA=="
    },
    "jquery": {
      "version": "3.3.1",
      "resolved": "https://registry.npmjs.org/jquery/-/jquery-3.3.1.tgz",
      "integrity": "sha512-Ubldcmxp5np52/ENotGxlLe6aGMvmF4R8S6tZjsP6Knsaxd/xp3Zrh50cG93lR6nPXyUFwzN3ZSOQI0wRJNdGg=="
    },
    "rtcpeerconnection-shim": {
      "version": "1.2.15",
      "resolved": "https://registry.npmjs.org/rtcpeerconnection-shim/-/rtcpeerconnection-shim-1.2.15.tgz",
      "integrity": "sha512-C6DxhXt7bssQ1nHb154lqeL0SXz5Dx4RczXZu2Aa/L1NJFnEVDxFwCBo3fqtuljhHIGceg5JKBV4XJ0gW5JKyw==",
      "requires": {
        "sdp": "^2.6.0"
      }
    },
    "sdp": {
      "version": "2.9.0",
      "resolved": "https://registry.npmjs.org/sdp/-/sdp-2.9.0.tgz",
      "integrity": "sha512-XAVZQO4qsfzVTHorF49zCpkdxiGmPNjA8ps8RcJGtGP3QJ/A8I9/SVg/QnkAFDMXIyGbHZBBFwYBw6WdnhT96w=="
    },
    "sip.js": {
      "version": "0.15.3",
      "resolved": "https://registry.npmjs.org/sip.js/-/sip.js-0.15.3.tgz",
      "integrity": "sha512-vIVG8z8qiML3d1soNt0va9S8POo/jV89ZlWnK9+Ss+vqLixsaAIx6pFBaGFrxQEoIwG4DZ9GIlM9h7EHqRYDPQ==",
      "requires": {
        "crypto-js": "^3.1.9-1",
        "events": "^3.0.0",
        "tslib": "^1.10.0"
      }
    },
    "tslib": {
      "version": "1.10.0",
      "resolved": "https://registry.npmjs.org/tslib/-/tslib-1.10.0.tgz",
      "integrity": "sha512-qOebF53frne81cf0S9B41ByenJ3/IuH8yJKngAX35CmiZySA0khhkovshKK+jGCaMnVomla7gVlIcc3EvKPbTQ=="
    },
    "webrtc-adapter": {
      "version": "7.2.8",
      "resolved": "https://registry.npmjs.org/webrtc-adapter/-/webrtc-adapter-7.2.8.tgz",
      "integrity": "sha512-d/rZVIIqqPqu/1I9rabhI+hmVhNtT+MoJk0eipCJasiVM9L9ZOTBoVhZmtC/naB4G8GTvnCaassrDz5IqWZP6w==",
      "requires": {
        "rtcpeerconnection-shim": "^1.2.15",
        "sdp": "^2.9.0"
      }
    }
  }
}
